
Microsoft Visual Studio Solution File, Format Version 12.00
# Visual Studio Version 16
VisualStudioVersion = 16.0.29001.49
MinimumVisualStudioVersion = 10.0.40219.1
Project("{2150E333-8FDC-42A3-9474-1A3956D46DE8}") = "Source", "Source", "{6FF3B095-1B7D-4B97-85A4-0B483C42EFB5}"
EndProject
Project("{FAE04EC0-301F-11D3-BF4B-00C04F79EFBC}") = "RentIt", "RentIt\RentIt.csproj", "{C1E6B94F-0552-4A28-8C5C-95510DA80E5D}"
EndProject
Global
	GlobalSection(SolutionConfigurationPlatforms) = preSolution
		Debug|Any CPU = Debug|Any CPU
		Release|Any CPU = Release|Any CPU
	EndGlobalSection
	GlobalSection(ProjectConfigurationPlatforms) = postSolution
		{C1E6B94F-0552-4A28-8C5C-95510DA80E5D}.Debug|Any CPU.ActiveCfg = Debug|Any CPU
		{C1E6B94F-0552-4A28-8C5C-95510DA80E5D}.Debug|Any CPU.Build.0 = Debug|Any CPU
		{C1E6B94F-0552-4A28-8C5C-95510DA80E5D}.Release|Any CPU.ActiveCfg = Release|Any CPU
		{C1E6B94F-0552-4A28-8C5C-95510DA80E5D}.Release|Any CPU.Build.0 = Release|Any CPU
	EndGlobalSection
	GlobalSection(SolutionProperties) = preSolution
		HideSolutionNode = FALSE
	EndGlobalSection
	GlobalSection(NestedProjects) = preSolution
		{C1E6B94F-0552-4A28-8C5C-95510DA80E5D} = {6FF3B095-1B7D-4B97-85A4-0B483C42EFB5}
	EndGlobalSection
	GlobalSection(ExtensibilityGlobals) = postSolution
		SolutionGuid = {CC07DB53-BC70-4C79-9ADA-936B44A155E3}
	EndGlobalSection
EndGlobal
