
Microsoft Visual Studio Solution File, Format Version 12.00
# Visual Studio 15
VisualStudioVersion = 15.0.28307.421
MinimumVisualStudioVersion = 10.0.40219.1
Project("{FAE04EC0-301F-11D3-BF4B-00C04F79EFBC}") = "RentIt", "RentIt\RentIt.csproj", "{11D6D4F3-40F2-4DA2-BC46-7155EF506B56}"
EndProject
Global
	GlobalSection(SolutionConfigurationPlatforms) = preSolution
		Debug|Any CPU = Debug|Any CPU
		Release|Any CPU = Release|Any CPU
	EndGlobalSection
	GlobalSection(ProjectConfigurationPlatforms) = postSolution
		{11D6D4F3-40F2-4DA2-BC46-7155EF506B56}.Debug|Any CPU.ActiveCfg = Debug|Any CPU
		{11D6D4F3-40F2-4DA2-BC46-7155EF506B56}.Debug|Any CPU.Build.0 = Debug|Any CPU
		{11D6D4F3-40F2-4DA2-BC46-7155EF506B56}.Release|Any CPU.ActiveCfg = Release|Any CPU
		{11D6D4F3-40F2-4DA2-BC46-7155EF506B56}.Release|Any CPU.Build.0 = Release|Any CPU
	EndGlobalSection
	GlobalSection(SolutionProperties) = preSolution
		HideSolutionNode = FALSE
	EndGlobalSection
	GlobalSection(ExtensibilityGlobals) = postSolution
		SolutionGuid = {CC07DB53-BC70-4C79-9ADA-936B44A155E3}
	EndGlobalSection
EndGlobal
